
Microsoft Visual Studio Solution File, Format Version 12.00
# Visual Studio Version 17
VisualStudioVersion = 17.1.32414.318
MinimumVisualStudioVersion = 10.0.40219.1
Project("{FAE04EC0-301F-11D3-BF4B-00C04F79EFBC}") = "Authentication.Api", "Authentication.Api\Authentication.Api.csproj", "{61C29213-8771-492C-8265-0574651C1469}"
EndProject
Project("{FAE04EC0-301F-11D3-BF4B-00C04F79EFBC}") = "Authentication.Shared.Library", "Authentication.Shared.Library\Authentication.Shared.Library.csproj", "{246FE36F-0942-4549-A15E-69176795102E}"
EndProject
Project("{FAE04EC0-301F-11D3-BF4B-00C04F79EFBC}") = "Authentication.Business", "Authentication.Business\Authentication.Business.csproj", "{0C117464-608D-4A42-82E4-585BD710B87F}"
EndProject
Global
	GlobalSection(SolutionConfigurationPlatforms) = preSolution
		Debug|Any CPU = Debug|Any CPU
		Release|Any CPU = Release|Any CPU
	EndGlobalSection
	GlobalSection(ProjectConfigurationPlatforms) = postSolution
		{61C29213-8771-492C-8265-0574651C1469}.Debug|Any CPU.ActiveCfg = Debug|Any CPU
		{61C29213-8771-492C-8265-0574651C1469}.Debug|Any CPU.Build.0 = Debug|Any CPU
		{61C29213-8771-492C-8265-0574651C1469}.Release|Any CPU.ActiveCfg = Release|Any CPU
		{61C29213-8771-492C-8265-0574651C1469}.Release|Any CPU.Build.0 = Release|Any CPU
		{246FE36F-0942-4549-A15E-69176795102E}.Debug|Any CPU.ActiveCfg = Debug|Any CPU
		{246FE36F-0942-4549-A15E-69176795102E}.Debug|Any CPU.Build.0 = Debug|Any CPU
		{246FE36F-0942-4549-A15E-69176795102E}.Release|Any CPU.ActiveCfg = Release|Any CPU
		{246FE36F-0942-4549-A15E-69176795102E}.Release|Any CPU.Build.0 = Release|Any CPU
		{0C117464-608D-4A42-82E4-585BD710B87F}.Debug|Any CPU.ActiveCfg = Debug|Any CPU
		{0C117464-608D-4A42-82E4-585BD710B87F}.Debug|Any CPU.Build.0 = Debug|Any CPU
		{0C117464-608D-4A42-82E4-585BD710B87F}.Release|Any CPU.ActiveCfg = Release|Any CPU
		{0C117464-608D-4A42-82E4-585BD710B87F}.Release|Any CPU.Build.0 = Release|Any CPU
	EndGlobalSection
	GlobalSection(SolutionProperties) = preSolution
		HideSolutionNode = FALSE
	EndGlobalSection
	GlobalSection(ExtensibilityGlobals) = postSolution
		SolutionGuid = {6268BCEC-6756-4243-A0F5-613311D3D094}
	EndGlobalSection
EndGlobal
